
Microsoft Visual Studio Solution File, Format Version 12.00
# Visual Studio Version 17
VisualStudioVersion = 17.2.32526.322
MinimumVisualStudioVersion = 10.0.40219.1
Project("{FAE04EC0-301F-11D3-BF4B-00C04F79EFBC}") = "FlintstonesFeedWorkerService", "FlintstonesFeedWorkerService\FlintstonesFeedWorkerService.csproj", "{AF6B4887-A073-490E-9182-9FD9AC7CAB25}"
EndProject
Global
	GlobalSection(SolutionConfigurationPlatforms) = preSolution
		Debug|Any CPU = Debug|Any CPU
		Release|Any CPU = Release|Any CPU
	EndGlobalSection
	GlobalSection(ProjectConfigurationPlatforms) = postSolution
		{AF6B4887-A073-490E-9182-9FD9AC7CAB25}.Debug|Any CPU.ActiveCfg = Debug|Any CPU
		{AF6B4887-A073-490E-9182-9FD9AC7CAB25}.Debug|Any CPU.Build.0 = Debug|Any CPU
		{AF6B4887-A073-490E-9182-9FD9AC7CAB25}.Release|Any CPU.ActiveCfg = Release|Any CPU
		{AF6B4887-A073-490E-9182-9FD9AC7CAB25}.Release|Any CPU.Build.0 = Release|Any CPU
	EndGlobalSection
	GlobalSection(SolutionProperties) = preSolution
		HideSolutionNode = FALSE
	EndGlobalSection
	GlobalSection(ExtensibilityGlobals) = postSolution
		SolutionGuid = {CF4E9B92-9A2A-4340-B1FB-56F879FFF9C9}
	EndGlobalSection
EndGlobal
