
Microsoft Visual Studio Solution File, Format Version 12.00
# Visual Studio Version 17
VisualStudioVersion = 17.2.32526.322
MinimumVisualStudioVersion = 10.0.40219.1
Project("{9A19103F-16F7-4668-BE54-9A1E7A4F7556}") = "FlintstonesFeedWorkerService", "FlintstonesFeedWorkerService\FlintstonesFeedWorkerService.csproj", "{AF6B4887-A073-490E-9182-9FD9AC7CAB25}"
EndProject
Project("{9A19103F-16F7-4668-BE54-9A1E7A4F7556}") = "FlintstonesFeedApi", "FlintstonesFeedApi\FlintstonesFeedApi.csproj", "{25196CB0-7934-4B42-8D9B-3B75C1FDCC5A}"
EndProject
Project("{9A19103F-16F7-4668-BE54-9A1E7A4F7556}") = "FlintstonesSiloApi", "FlintstonesSiloApi\FlintstonesSiloApi.csproj", "{F0BC6214-2C56-4934-8C86-DE4F83E49A39}"
EndProject
Project("{9A19103F-16F7-4668-BE54-9A1E7A4F7556}") = "FlintstonesSiloAbstractions", "FlintstonesSiloAbstractions\FlintstonesSiloAbstractions.csproj", "{4F51DC01-A3AB-440F-9FDF-CFA0F10CED7F}"
EndProject
Project("{9A19103F-16F7-4668-BE54-9A1E7A4F7556}") = "FlintstonesModels", "FlintstonesModels\FlintstonesModels.csproj", "{B9160B5A-F0E8-4A14-95E9-0F0D1AE50561}"
EndProject
Project("{9A19103F-16F7-4668-BE54-9A1E7A4F7556}") = "FlintstonesResultsConsumer", "FlintstonesResultsConsumer\FlintstonesResultsConsumer.csproj", "{8CA026BE-6746-4365-BE86-A32D68DF218F}"
EndProject
Project("{9A19103F-16F7-4668-BE54-9A1E7A4F7556}") = "FlintstonesFeedFunctionApi", "FlintstonesFeedFunctionApi\FlintstonesFeedFunctionApi.csproj", "{442E1E08-9858-4928-9C22-75C31F102A36}"
EndProject
Project("{FAE04EC0-301F-11D3-BF4B-00C04F79EFBC}") = "FlintstonesBetStrikeFunction", "FlintstonesBetStrikeFunction\FlintstonesBetStrikeFunction.csproj", "{B7ACCEED-345E-46CA-B4F3-876F7AD0C2DD}"
EndProject
Project("{FAE04EC0-301F-11D3-BF4B-00C04F79EFBC}") = "FlintstonesEntities", "FlintstonesEntities\FlintstonesEntities.csproj", "{2CB5E739-01A0-4AFD-82CA-E66BECC96B13}"
EndProject
Global
	GlobalSection(SolutionConfigurationPlatforms) = preSolution
		Debug|Any CPU = Debug|Any CPU
		Release|Any CPU = Release|Any CPU
	EndGlobalSection
	GlobalSection(ProjectConfigurationPlatforms) = postSolution
		{AF6B4887-A073-490E-9182-9FD9AC7CAB25}.Debug|Any CPU.ActiveCfg = Debug|Any CPU
		{AF6B4887-A073-490E-9182-9FD9AC7CAB25}.Debug|Any CPU.Build.0 = Debug|Any CPU
		{AF6B4887-A073-490E-9182-9FD9AC7CAB25}.Release|Any CPU.ActiveCfg = Release|Any CPU
		{AF6B4887-A073-490E-9182-9FD9AC7CAB25}.Release|Any CPU.Build.0 = Release|Any CPU
		{25196CB0-7934-4B42-8D9B-3B75C1FDCC5A}.Debug|Any CPU.ActiveCfg = Debug|Any CPU
		{25196CB0-7934-4B42-8D9B-3B75C1FDCC5A}.Debug|Any CPU.Build.0 = Debug|Any CPU
		{25196CB0-7934-4B42-8D9B-3B75C1FDCC5A}.Release|Any CPU.ActiveCfg = Release|Any CPU
		{25196CB0-7934-4B42-8D9B-3B75C1FDCC5A}.Release|Any CPU.Build.0 = Release|Any CPU
		{F0BC6214-2C56-4934-8C86-DE4F83E49A39}.Debug|Any CPU.ActiveCfg = Debug|Any CPU
		{F0BC6214-2C56-4934-8C86-DE4F83E49A39}.Debug|Any CPU.Build.0 = Debug|Any CPU
		{F0BC6214-2C56-4934-8C86-DE4F83E49A39}.Release|Any CPU.ActiveCfg = Release|Any CPU
		{F0BC6214-2C56-4934-8C86-DE4F83E49A39}.Release|Any CPU.Build.0 = Release|Any CPU
		{4F51DC01-A3AB-440F-9FDF-CFA0F10CED7F}.Debug|Any CPU.ActiveCfg = Debug|Any CPU
		{4F51DC01-A3AB-440F-9FDF-CFA0F10CED7F}.Debug|Any CPU.Build.0 = Debug|Any CPU
		{4F51DC01-A3AB-440F-9FDF-CFA0F10CED7F}.Release|Any CPU.ActiveCfg = Release|Any CPU
		{4F51DC01-A3AB-440F-9FDF-CFA0F10CED7F}.Release|Any CPU.Build.0 = Release|Any CPU
		{B9160B5A-F0E8-4A14-95E9-0F0D1AE50561}.Debug|Any CPU.ActiveCfg = Debug|Any CPU
		{B9160B5A-F0E8-4A14-95E9-0F0D1AE50561}.Debug|Any CPU.Build.0 = Debug|Any CPU
		{B9160B5A-F0E8-4A14-95E9-0F0D1AE50561}.Release|Any CPU.ActiveCfg = Release|Any CPU
		{B9160B5A-F0E8-4A14-95E9-0F0D1AE50561}.Release|Any CPU.Build.0 = Release|Any CPU
		{8CA026BE-6746-4365-BE86-A32D68DF218F}.Debug|Any CPU.ActiveCfg = Debug|Any CPU
		{8CA026BE-6746-4365-BE86-A32D68DF218F}.Debug|Any CPU.Build.0 = Debug|Any CPU
		{8CA026BE-6746-4365-BE86-A32D68DF218F}.Release|Any CPU.ActiveCfg = Release|Any CPU
		{8CA026BE-6746-4365-BE86-A32D68DF218F}.Release|Any CPU.Build.0 = Release|Any CPU
		{442E1E08-9858-4928-9C22-75C31F102A36}.Debug|Any CPU.ActiveCfg = Debug|Any CPU
		{442E1E08-9858-4928-9C22-75C31F102A36}.Debug|Any CPU.Build.0 = Debug|Any CPU
		{442E1E08-9858-4928-9C22-75C31F102A36}.Release|Any CPU.ActiveCfg = Release|Any CPU
		{442E1E08-9858-4928-9C22-75C31F102A36}.Release|Any CPU.Build.0 = Release|Any CPU
		{B7ACCEED-345E-46CA-B4F3-876F7AD0C2DD}.Debug|Any CPU.ActiveCfg = Debug|Any CPU
		{B7ACCEED-345E-46CA-B4F3-876F7AD0C2DD}.Debug|Any CPU.Build.0 = Debug|Any CPU
		{B7ACCEED-345E-46CA-B4F3-876F7AD0C2DD}.Release|Any CPU.ActiveCfg = Release|Any CPU
		{B7ACCEED-345E-46CA-B4F3-876F7AD0C2DD}.Release|Any CPU.Build.0 = Release|Any CPU
		{2CB5E739-01A0-4AFD-82CA-E66BECC96B13}.Debug|Any CPU.ActiveCfg = Debug|Any CPU
		{2CB5E739-01A0-4AFD-82CA-E66BECC96B13}.Debug|Any CPU.Build.0 = Debug|Any CPU
		{2CB5E739-01A0-4AFD-82CA-E66BECC96B13}.Release|Any CPU.ActiveCfg = Release|Any CPU
		{2CB5E739-01A0-4AFD-82CA-E66BECC96B13}.Release|Any CPU.Build.0 = Release|Any CPU
	EndGlobalSection
	GlobalSection(SolutionProperties) = preSolution
		HideSolutionNode = FALSE
	EndGlobalSection
	GlobalSection(ExtensibilityGlobals) = postSolution
		SolutionGuid = {CF4E9B92-9A2A-4340-B1FB-56F879FFF9C9}
	EndGlobalSection
EndGlobal
