
Microsoft Visual Studio Solution File, Format Version 12.00
# Visual Studio Version 17
VisualStudioVersion = 17.2.32526.322
MinimumVisualStudioVersion = 10.0.40219.1
Project("{9A19103F-16F7-4668-BE54-9A1E7A4F7556}") = "FlintstonesFeedWorkerService", "FlintstonesFeedWorkerService\FlintstonesFeedWorkerService.csproj", "{AF6B4887-A073-490E-9182-9FD9AC7CAB25}"
EndProject
Project("{9A19103F-16F7-4668-BE54-9A1E7A4F7556}") = "FlintstonesBetStrikeFunction", "FlintstonesBetStrikeFunction\FlintstonesBetStrikeFunction.csproj", "{B7ACCEED-345E-46CA-B4F3-876F7AD0C2DD}"
EndProject
Project("{9A19103F-16F7-4668-BE54-9A1E7A4F7556}") = "FlintstonesEntities", "FlintstonesEntities\FlintstonesEntities.csproj", "{2CB5E739-01A0-4AFD-82CA-E66BECC96B13}"
EndProject
Project("{9A19103F-16F7-4668-BE54-9A1E7A4F7556}") = "FlintstonesBetResultFunction", "FlintstonesBetResultFunction\FlintstonesBetResultFunction.csproj", "{6B5D43C5-CC96-4D05-B932-E369E153CD0B}"
EndProject
Project("{9A19103F-16F7-4668-BE54-9A1E7A4F7556}") = "FlintstonesWeb", "FlintstonesWeb\FlintstonesWeb.csproj", "{E301E2EC-A77C-4BB5-A4CF-E31AE70C8D8B}"
EndProject
Project("{9A19103F-16F7-4668-BE54-9A1E7A4F7556}") = "FlintstonesCTFunction", "FlintstonesCTFunction\FlintstonesCTFunction.csproj", "{7ADE4DEC-8626-4396-AC9D-7264876EE9C0}"
EndProject
Project("{9A19103F-16F7-4668-BE54-9A1E7A4F7556}") = "FlintstonesBackOffice", "FlintstonesBackOffice\FlintstonesBackOffice.csproj", "{F39E6EAB-BBF7-4414-B5CF-1452EB159519}"
EndProject
Global
	GlobalSection(SolutionConfigurationPlatforms) = preSolution
		Debug|Any CPU = Debug|Any CPU
		Release|Any CPU = Release|Any CPU
	EndGlobalSection
	GlobalSection(ProjectConfigurationPlatforms) = postSolution
		{AF6B4887-A073-490E-9182-9FD9AC7CAB25}.Debug|Any CPU.ActiveCfg = Debug|Any CPU
		{AF6B4887-A073-490E-9182-9FD9AC7CAB25}.Debug|Any CPU.Build.0 = Debug|Any CPU
		{AF6B4887-A073-490E-9182-9FD9AC7CAB25}.Release|Any CPU.ActiveCfg = Release|Any CPU
		{AF6B4887-A073-490E-9182-9FD9AC7CAB25}.Release|Any CPU.Build.0 = Release|Any CPU
		{B7ACCEED-345E-46CA-B4F3-876F7AD0C2DD}.Debug|Any CPU.ActiveCfg = Debug|Any CPU
		{B7ACCEED-345E-46CA-B4F3-876F7AD0C2DD}.Debug|Any CPU.Build.0 = Debug|Any CPU
		{B7ACCEED-345E-46CA-B4F3-876F7AD0C2DD}.Release|Any CPU.ActiveCfg = Release|Any CPU
		{B7ACCEED-345E-46CA-B4F3-876F7AD0C2DD}.Release|Any CPU.Build.0 = Release|Any CPU
		{2CB5E739-01A0-4AFD-82CA-E66BECC96B13}.Debug|Any CPU.ActiveCfg = Debug|Any CPU
		{2CB5E739-01A0-4AFD-82CA-E66BECC96B13}.Debug|Any CPU.Build.0 = Debug|Any CPU
		{2CB5E739-01A0-4AFD-82CA-E66BECC96B13}.Release|Any CPU.ActiveCfg = Release|Any CPU
		{2CB5E739-01A0-4AFD-82CA-E66BECC96B13}.Release|Any CPU.Build.0 = Release|Any CPU
		{6B5D43C5-CC96-4D05-B932-E369E153CD0B}.Debug|Any CPU.ActiveCfg = Debug|Any CPU
		{6B5D43C5-CC96-4D05-B932-E369E153CD0B}.Debug|Any CPU.Build.0 = Debug|Any CPU
		{6B5D43C5-CC96-4D05-B932-E369E153CD0B}.Release|Any CPU.ActiveCfg = Release|Any CPU
		{6B5D43C5-CC96-4D05-B932-E369E153CD0B}.Release|Any CPU.Build.0 = Release|Any CPU
		{E301E2EC-A77C-4BB5-A4CF-E31AE70C8D8B}.Debug|Any CPU.ActiveCfg = Debug|Any CPU
		{E301E2EC-A77C-4BB5-A4CF-E31AE70C8D8B}.Debug|Any CPU.Build.0 = Debug|Any CPU
		{E301E2EC-A77C-4BB5-A4CF-E31AE70C8D8B}.Release|Any CPU.ActiveCfg = Release|Any CPU
		{E301E2EC-A77C-4BB5-A4CF-E31AE70C8D8B}.Release|Any CPU.Build.0 = Release|Any CPU
		{7ADE4DEC-8626-4396-AC9D-7264876EE9C0}.Debug|Any CPU.ActiveCfg = Debug|Any CPU
		{7ADE4DEC-8626-4396-AC9D-7264876EE9C0}.Debug|Any CPU.Build.0 = Debug|Any CPU
		{7ADE4DEC-8626-4396-AC9D-7264876EE9C0}.Release|Any CPU.ActiveCfg = Release|Any CPU
		{7ADE4DEC-8626-4396-AC9D-7264876EE9C0}.Release|Any CPU.Build.0 = Release|Any CPU
		{F39E6EAB-BBF7-4414-B5CF-1452EB159519}.Debug|Any CPU.ActiveCfg = Debug|Any CPU
		{F39E6EAB-BBF7-4414-B5CF-1452EB159519}.Debug|Any CPU.Build.0 = Debug|Any CPU
		{F39E6EAB-BBF7-4414-B5CF-1452EB159519}.Release|Any CPU.ActiveCfg = Release|Any CPU
		{F39E6EAB-BBF7-4414-B5CF-1452EB159519}.Release|Any CPU.Build.0 = Release|Any CPU
	EndGlobalSection
	GlobalSection(SolutionProperties) = preSolution
		HideSolutionNode = FALSE
	EndGlobalSection
	GlobalSection(ExtensibilityGlobals) = postSolution
		SolutionGuid = {CF4E9B92-9A2A-4340-B1FB-56F879FFF9C9}
	EndGlobalSection
EndGlobal
